{
  "name": "administration",
  "lockfileVersion": 2,
  "requires": true,
  "packages": {
    "": {
      "dependencies": {
        "slug": "^8.2.2",
        "slugify": "^1.6.5"
      }
    },
    "node_modules/slug": {
      "version": "8.2.2",
      "resolved": "https://registry.npmjs.org/slug/-/slug-8.2.2.tgz",
      "integrity": "sha512-5ByW6qXqPeG0Tmlkh24JhdXhvQsbaJSjVr3GgGxUV0BSskZKKBZZfFWxezap8+fh1vxBN9GVbqI1V6nqAFxlBg==",
      "bin": {
        "slug": "cli.js"
      }
    },
    "node_modules/slugify": {
      "version": "1.6.5",
      "resolved": "https://registry.npmjs.org/slugify/-/slugify-1.6.5.tgz",
      "integrity": "sha512-8mo9bslnBO3tr5PEVFzMPIWwWnipGS0xVbYf65zxDqfNwmzYn1LpiKNrR6DlClusuvo+hDHd1zKpmfAe83NQSQ==",
      "engines": {
        "node": ">=8.0.0"
      }
    }
  },
  "dependencies": {
    "slug": {
      "version": "8.2.2",
      "resolved": "https://registry.npmjs.org/slug/-/slug-8.2.2.tgz",
      "integrity": "sha512-5ByW6qXqPeG0Tmlkh24JhdXhvQsbaJSjVr3GgGxUV0BSskZKKBZZfFWxezap8+fh1vxBN9GVbqI1V6nqAFxlBg=="
    },
    "slugify": {
      "version": "1.6.5",
      "resolved": "https://registry.npmjs.org/slugify/-/slugify-1.6.5.tgz",
      "integrity": "sha512-8mo9bslnBO3tr5PEVFzMPIWwWnipGS0xVbYf65zxDqfNwmzYn1LpiKNrR6DlClusuvo+hDHd1zKpmfAe83NQSQ=="
    }
  }
}
